
Microsoft Visual Studio Solution File, Format Version 12.00
# Visual Studio 15
Project("{FAE04EC0-301F-11D3-BF4B-00C04F79EFBC}") = "ErlBinDecode", "ErlBinDecode\ErlBinDecode.csproj", "{CA8479C9-4BBA-4F2D-B544-AAB7A5AA2529}"
EndProject
Global
	GlobalSection(SolutionConfigurationPlatforms) = preSolution
		Debug|anycpu = Debug|anycpu
		Release|anycpu = Release|anycpu
	EndGlobalSection
	GlobalSection(ProjectConfigurationPlatforms) = postSolution
		{CA8479C9-4BBA-4F2D-B544-AAB7A5AA2529}.Debug|anycpu.ActiveCfg = Debug|anycpu
		{CA8479C9-4BBA-4F2D-B544-AAB7A5AA2529}.Debug|anycpu.Build.0 = Debug|anycpu
		{CA8479C9-4BBA-4F2D-B544-AAB7A5AA2529}.Release|anycpu.ActiveCfg = Release|anycpu
		{CA8479C9-4BBA-4F2D-B544-AAB7A5AA2529}.Release|anycpu.Build.0 = Release|anycpu
	EndGlobalSection
EndGlobal
